
Microsoft Visual Studio Solution File, Format Version 12.00
# Visual Studio Version 16
VisualStudioVersion = 25.0.1706.6
MinimumVisualStudioVersion = 10.0.40219.1
Project("{FAE04EC0-301F-11D3-BF4B-00C04F79EFBC}") = "TodoXpress.Ui.Native", "TodoXpress.Ui.Native.csproj", "{C6F8A987-0BFF-42AE-B863-1A1937297B54}"
EndProject
Project("{2150E333-8FDC-42A3-9474-1A3956D46DE8}") = "TodoXpress.Ui", "TodoXpress.Ui", "{71B1946F-8D40-48AA-9C00-3EA1978A21B3}"
EndProject
Project("{FAE04EC0-301F-11D3-BF4B-00C04F79EFBC}") = "TodoXpress.Ui.Components", "..\TodoXpress.Ui.Components\TodoXpress.Ui.Components.csproj", "{ACB30894-AEFB-4FD5-B8EC-1F1B0CDF85BC}"
EndProject
Project("{FAE04EC0-301F-11D3-BF4B-00C04F79EFBC}") = "TodoXpress.Ui.Web", "..\TodoXpress.Ui.Web\TodoXpress.Ui.Web.csproj", "{336DECB5-6B3E-4464-BE7D-79FBB9A04E27}"
EndProject
Project("{2150E333-8FDC-42A3-9474-1A3956D46DE8}") = "TodoXpress.Api", "TodoXpress.Api", "{019E6416-C278-4996-91B2-44F387779A80}"
EndProject
Project("{FAE04EC0-301F-11D3-BF4B-00C04F79EFBC}") = "TodoXpress.Api.Identity", "..\TodoXpress.Api.Identity\TodoXpress.Api.Identity.csproj", "{7CA32EA4-74B2-416D-9B93-27BEC2278E1D}"
EndProject
Project("{2150E333-8FDC-42A3-9474-1A3956D46DE8}") = "TodoXpress.Application", "TodoXpress.Application", "{ED82C269-8B7C-48CA-85E5-DC29DB399CBB}"
EndProject
Project("{FAE04EC0-301F-11D3-BF4B-00C04F79EFBC}") = "TodoXpress.Application", "..\TodoXpress.Application\TodoXpress.Application.csproj", "{398124D7-3C7F-4F40-93E6-42EB30A23AB2}"
EndProject
Project("{FAE04EC0-301F-11D3-BF4B-00C04F79EFBC}") = "TodoXpress.Infastructure", "..\TodoXpress.Infastructure\TodoXpress.Infastructure.csproj", "{0DCCE842-2E51-452B-8692-149DE51B2A83}"
EndProject
Project("{FAE04EC0-301F-11D3-BF4B-00C04F79EFBC}") = "TodoXpress.Domain", "..\TodoXpress.Domain\TodoXpress.Domain.csproj", "{EBC83281-08D6-4905-8BCE-441B5146F920}"
EndProject
Project("{FAE04EC0-301F-11D3-BF4B-00C04F79EFBC}") = "TodoXpress.Api.Data", "..\TodoXpress.Api.Data\TodoXpress.Api.Data.csproj", "{A94A21EC-F4E7-4A79-8956-05EF285C389E}"
EndProject
Global
	GlobalSection(SolutionConfigurationPlatforms) = preSolution
		Debug|Any CPU = Debug|Any CPU
		Release|Any CPU = Release|Any CPU
	EndGlobalSection
	GlobalSection(ProjectConfigurationPlatforms) = postSolution
		{C6F8A987-0BFF-42AE-B863-1A1937297B54}.Debug|Any CPU.ActiveCfg = Debug|Any CPU
		{C6F8A987-0BFF-42AE-B863-1A1937297B54}.Debug|Any CPU.Build.0 = Debug|Any CPU
		{C6F8A987-0BFF-42AE-B863-1A1937297B54}.Release|Any CPU.ActiveCfg = Release|Any CPU
		{C6F8A987-0BFF-42AE-B863-1A1937297B54}.Release|Any CPU.Build.0 = Release|Any CPU
		{ACB30894-AEFB-4FD5-B8EC-1F1B0CDF85BC}.Debug|Any CPU.ActiveCfg = Debug|Any CPU
		{ACB30894-AEFB-4FD5-B8EC-1F1B0CDF85BC}.Debug|Any CPU.Build.0 = Debug|Any CPU
		{ACB30894-AEFB-4FD5-B8EC-1F1B0CDF85BC}.Release|Any CPU.ActiveCfg = Release|Any CPU
		{ACB30894-AEFB-4FD5-B8EC-1F1B0CDF85BC}.Release|Any CPU.Build.0 = Release|Any CPU
		{336DECB5-6B3E-4464-BE7D-79FBB9A04E27}.Debug|Any CPU.ActiveCfg = Debug|Any CPU
		{336DECB5-6B3E-4464-BE7D-79FBB9A04E27}.Debug|Any CPU.Build.0 = Debug|Any CPU
		{336DECB5-6B3E-4464-BE7D-79FBB9A04E27}.Release|Any CPU.ActiveCfg = Release|Any CPU
		{336DECB5-6B3E-4464-BE7D-79FBB9A04E27}.Release|Any CPU.Build.0 = Release|Any CPU
		{7CA32EA4-74B2-416D-9B93-27BEC2278E1D}.Debug|Any CPU.ActiveCfg = Debug|Any CPU
		{7CA32EA4-74B2-416D-9B93-27BEC2278E1D}.Debug|Any CPU.Build.0 = Debug|Any CPU
		{7CA32EA4-74B2-416D-9B93-27BEC2278E1D}.Release|Any CPU.ActiveCfg = Release|Any CPU
		{7CA32EA4-74B2-416D-9B93-27BEC2278E1D}.Release|Any CPU.Build.0 = Release|Any CPU
		{398124D7-3C7F-4F40-93E6-42EB30A23AB2}.Debug|Any CPU.ActiveCfg = Debug|Any CPU
		{398124D7-3C7F-4F40-93E6-42EB30A23AB2}.Debug|Any CPU.Build.0 = Debug|Any CPU
		{398124D7-3C7F-4F40-93E6-42EB30A23AB2}.Release|Any CPU.ActiveCfg = Release|Any CPU
		{398124D7-3C7F-4F40-93E6-42EB30A23AB2}.Release|Any CPU.Build.0 = Release|Any CPU
		{0DCCE842-2E51-452B-8692-149DE51B2A83}.Debug|Any CPU.ActiveCfg = Debug|Any CPU
		{0DCCE842-2E51-452B-8692-149DE51B2A83}.Debug|Any CPU.Build.0 = Debug|Any CPU
		{0DCCE842-2E51-452B-8692-149DE51B2A83}.Release|Any CPU.ActiveCfg = Release|Any CPU
		{0DCCE842-2E51-452B-8692-149DE51B2A83}.Release|Any CPU.Build.0 = Release|Any CPU
		{EBC83281-08D6-4905-8BCE-441B5146F920}.Debug|Any CPU.ActiveCfg = Debug|Any CPU
		{EBC83281-08D6-4905-8BCE-441B5146F920}.Debug|Any CPU.Build.0 = Debug|Any CPU
		{EBC83281-08D6-4905-8BCE-441B5146F920}.Release|Any CPU.ActiveCfg = Release|Any CPU
		{EBC83281-08D6-4905-8BCE-441B5146F920}.Release|Any CPU.Build.0 = Release|Any CPU
		{A94A21EC-F4E7-4A79-8956-05EF285C389E}.Debug|Any CPU.ActiveCfg = Debug|Any CPU
		{A94A21EC-F4E7-4A79-8956-05EF285C389E}.Debug|Any CPU.Build.0 = Debug|Any CPU
		{A94A21EC-F4E7-4A79-8956-05EF285C389E}.Release|Any CPU.ActiveCfg = Release|Any CPU
		{A94A21EC-F4E7-4A79-8956-05EF285C389E}.Release|Any CPU.Build.0 = Release|Any CPU
	EndGlobalSection
	GlobalSection(SolutionProperties) = preSolution
		HideSolutionNode = FALSE
	EndGlobalSection
	GlobalSection(ExtensibilityGlobals) = postSolution
		SolutionGuid = {C028CE8B-281C-4B38-8D75-85855C92D03D}
	EndGlobalSection
	GlobalSection(NestedProjects) = preSolution
		{C6F8A987-0BFF-42AE-B863-1A1937297B54} = {71B1946F-8D40-48AA-9C00-3EA1978A21B3}
		{ACB30894-AEFB-4FD5-B8EC-1F1B0CDF85BC} = {71B1946F-8D40-48AA-9C00-3EA1978A21B3}
		{336DECB5-6B3E-4464-BE7D-79FBB9A04E27} = {71B1946F-8D40-48AA-9C00-3EA1978A21B3}
		{7CA32EA4-74B2-416D-9B93-27BEC2278E1D} = {019E6416-C278-4996-91B2-44F387779A80}
		{398124D7-3C7F-4F40-93E6-42EB30A23AB2} = {ED82C269-8B7C-48CA-85E5-DC29DB399CBB}
		{0DCCE842-2E51-452B-8692-149DE51B2A83} = {ED82C269-8B7C-48CA-85E5-DC29DB399CBB}
		{EBC83281-08D6-4905-8BCE-441B5146F920} = {ED82C269-8B7C-48CA-85E5-DC29DB399CBB}
		{A94A21EC-F4E7-4A79-8956-05EF285C389E} = {019E6416-C278-4996-91B2-44F387779A80}
	EndGlobalSection
EndGlobal
